github.com/Codefor/geohash v0.0.0-20140723084247-1b41c28e3a9d h1:iG9B49Q218F/XxXNRM7k/vWf7MKmLIS8AcJV9cGN4nA=
github.com/Codefor/geohash v0.0.0-20140723084247-1b41c28e3a9d/go.mod h1:RVnhzAX71far8Kc3TQeA0k/dcaEKUnTDSOyet/JCmGI=
github.com/TomiHiltunen/geohash-golang v0.0.0-20150112065804-b3e4e625abfb h1:wumPkzt4zaxO4rHPBrjDK8iZMR41C1qs7njNqlacwQg=
github.com/TomiHiltunen/geohash-golang v0.0.0-20150112065804-b3e4e625abfb/go.mod h1:QiYsIBRQEO+Z4Rz7GoI+dsHVneZNONvhczuA+llOZNM=
github.com/broady/gogeohash v0.0.0-20120525094510-7b2c40d64042 h1:iEdmkrNMLXbM7ecffOAtZJQOQUTE4iMonxrb5opUgE4=
github.com/broady/gogeohash v0.0.0-20120525094510-7b2c40d64042/go.mod h1:f1L9YvXvlt9JTa+A17trQjSMM6bV40f+tHjB+Pi+Fqk=
github.com/fanixk/geohash v0.0.0-20150324002647-c1f9b5fa157a h1:Fyfh/dsHFrC6nkX7H7+nFdTd1wROlX/FxEIWVpKYf1U=
github.com/fanixk/geohash v0.0.0-20150324002647-c1f9b5fa157a/go.mod h1:UgNw+PTmmGN8rV7RvjvnBMsoTU8ZXXnaT3hYsDTBlgQ=
github.com/mmcloughlin/geohash v0.10.0 h1:9w1HchfDfdeLc+jFEf/04D27KP7E2QmpDu52wPbJWRE=
github.com/mmcloughlin/geohash v0.10.0/go.mod h1:oNZxQo5yWJh0eMQEP/8hwQuVx9Z9tjwFUqcTB1SmG0c=
github.com/pierrre/assert v0.1.6 h1:8/MQ2QJdscTBI3N3zc92M/tY8/ILV/p9oHzi2BIIgFw=
github.com/pierrre/assert v0.1.6/go.mod h1:MBdKBtHMVM/cRIe4GRN82IP2+lw2ACRNUhlybNYNve4=
github.com/pierrre/compare v1.1.4 h1:J3e4eUBUUS4X35knta6nwquaiXgYKOaCrhsj9bQdgvY=
github.com/pierrre/compare v1.1.4/go.mod h1:CedCkcWAyk2YGS8EdR5vxyk9JjwagG7DpD2uyubs3ZU=
github.com/pierrre/errors v0.3.10 h1:Vt+1q/xMjTFOAUAy4g0FDdoJLXIQ8mPDM1B1sRIDKNM=
github.com/pierrre/errors v0.3.10/go.mod h1:65JYeAYf3Txs3fQunXQUiT9MCTcBk97Fw+MrLWIEDEA=
github.com/pierrre/go-libs v0.2.7 h1:tdlZLyaFhYRu1S6e5/05jtKjA87a5lqo/+OyH5TQCVg=
github.com/pierrre/go-libs v0.2.7/go.mod h1:6BSxN/ck1/CP0oDKnw6hCUdhWSe9QaAaCnv8nPBdjDk=
github.com/pierrre/pretty v0.0.4 h1:AXNnuh60t7ARLBNjy6g0uMKJJIB1QL8NJSl3wqe83xw=
github.com/pierrre/pretty v0.0.4/go.mod h1:NUOMlGtyNMnUDmmNhcWs9S6pcGOq6JQ2cYagrKtd+wI=
github.com/the42/cartconvert v1.0.0 h1:g8kt6ic2GEhdcZ61ZP9GsWwhosVo5nCnH1n2/oAQXUU=
github.com/the42/cartconvert v1.0.0/go.mod h1:fWO/msnJVhHqN1yX6OBoxSyfj7TEj1hHiL8bJSQsK30=
golang.org/x/exp v0.0.0-20230626212559-97b1e661b5df h1:UA2aFVmmsIlefxMk29Dp2juaUSth8Pyn3Tq5Y5mJGME=
golang.org/x/exp v0.0.0-20230626212559-97b1e661b5df/go.mod h1:FXUEEKJgO7OQYeo8N01OfiKP8RXMtf6e8aTskBGqWdc=
