github.com/Codefor/geohash v0.0.0-20140723084247-1b41c28e3a9d h1:iG9B49Q218F/XxXNRM7k/vWf7MKmLIS8AcJV9cGN4nA=
github.com/Codefor/geohash v0.0.0-20140723084247-1b41c28e3a9d/go.mod h1:RVnhzAX71far8Kc3TQeA0k/dcaEKUnTDSOyet/JCmGI=
github.com/TomiHiltunen/geohash-golang v0.0.0-20150112065804-b3e4e625abfb h1:wumPkzt4zaxO4rHPBrjDK8iZMR41C1qs7njNqlacwQg=
github.com/TomiHiltunen/geohash-golang v0.0.0-20150112065804-b3e4e625abfb/go.mod h1:QiYsIBRQEO+Z4Rz7GoI+dsHVneZNONvhczuA+llOZNM=
github.com/broady/gogeohash v0.0.0-20120525094510-7b2c40d64042 h1:iEdmkrNMLXbM7ecffOAtZJQOQUTE4iMonxrb5opUgE4=
github.com/broady/gogeohash v0.0.0-20120525094510-7b2c40d64042/go.mod h1:f1L9YvXvlt9JTa+A17trQjSMM6bV40f+tHjB+Pi+Fqk=
github.com/fanixk/geohash v0.0.0-20150324002647-c1f9b5fa157a h1:Fyfh/dsHFrC6nkX7H7+nFdTd1wROlX/FxEIWVpKYf1U=
github.com/fanixk/geohash v0.0.0-20150324002647-c1f9b5fa157a/go.mod h1:UgNw+PTmmGN8rV7RvjvnBMsoTU8ZXXnaT3hYsDTBlgQ=
github.com/mmcloughlin/geohash v0.10.0 h1:9w1HchfDfdeLc+jFEf/04D27KP7E2QmpDu52wPbJWRE=
github.com/mmcloughlin/geohash v0.10.0/go.mod h1:oNZxQo5yWJh0eMQEP/8hwQuVx9Z9tjwFUqcTB1SmG0c=
github.com/pierrre/assert v0.2.6 h1:vZaoDkq1feWDz+ubGRzVUjFDjC8nfe/6lmNkxv1stIo=
github.com/pierrre/assert v0.2.6/go.mod h1:p0708/+f6xZ4xCVFyHTN2cDoxGoz9eVfHGpA9eOL3vU=
github.com/pierrre/compare v1.2.2 h1:SvpInJoHlZ5cdKXaNHGu7Bi8eSZqTeLm/66e/8gUZZc=
github.com/pierrre/compare v1.2.2/go.mod h1:GoDZNpzZQiWU+OQgwV9TOBjmCTSq1/+9jdJ3sL7U6Rg=
github.com/pierrre/errors v0.4.6 h1:VzVmLh+Flb5ZFkaCvV2+QTE9B3J+DHJVS+jARZnEVts=
github.com/pierrre/errors v0.4.6/go.mod h1:LzZhNHKGtGUW1x6sAORPIqxLtMfUe73ga1egGvg4qlo=
github.com/pierrre/go-libs v0.2.12 h1:VePypyZAVKUQ/YRfzSBMUF/5oiVkJMuT/Fdze01A9LE=
github.com/pierrre/go-libs v0.2.12/go.mod h1:5fGolX5nEISeGji0fHp8yjKBcl1AxxLtxuGJViQ4UNo=
github.com/pierrre/pretty v0.0.9 h1:WxtjXrUPR7FQKwCFxfCad3i1i5wlTajLDvgudMzzI9M=
github.com/pierrre/pretty v0.0.9/go.mod h1:+sNPatC2UOK/fWf2PMchw1yjbvJJKRJ0yFM7g9i9J1k=
github.com/the42/cartconvert v1.0.0 h1:g8kt6ic2GEhdcZ61ZP9GsWwhosVo5nCnH1n2/oAQXUU=
github.com/the42/cartconvert v1.0.0/go.mod h1:fWO/msnJVhHqN1yX6OBoxSyfj7TEj1hHiL8bJSQsK30=
